{
  "name": "@test-flow/a",
  "version": "1.0.0",
  "lockfileVersion": 1,
  "requires": true,
  "dependencies": {
    "a-simple-package": {
      "version": "1.0.0",
      "resolved": "https://registry.npmjs.org/a-simple-package/-/a-simple-package-1.0.0.tgz",
      "integrity": "sha512-2O9PoNeBaAp1I/jhjFcHOqqkvO7lLaZchwV0M+Rrvieca0+5KYihnfBnx2Z/8s2Pb6rUvIOP6tZ3jSnyv9SwiQ=="
    },
    "flow-bin": {
      "version": "0.51.0",
      "resolved": "https://registry.npmjs.org/flow-bin/-/flow-bin-0.51.0.tgz",
      "integrity": "sha1-l6PFEaF8qiXY+tWPwXqqvLhjGf4="
    }
  }
}
